
Microsoft Visual Studio Solution File, Format Version 12.00
# Visual Studio Version 16
VisualStudioVersion = 16.0.32630.194
MinimumVisualStudioVersion = 10.0.40219.1
Project("{FAE04EC0-301F-11D3-BF4B-00C04F79EFBC}") = "Sera-job-portal-api", "Sera-job-portal-api.csproj", "{BA0C1C55-2515-4234-A571-93CDACA4E145}"
EndProject
Global
	GlobalSection(SolutionConfigurationPlatforms) = preSolution
		Debug|Any CPU = Debug|Any CPU
		Release|Any CPU = Release|Any CPU
	EndGlobalSection
	GlobalSection(ProjectConfigurationPlatforms) = postSolution
		{BA0C1C55-2515-4234-A571-93CDACA4E145}.Debug|Any CPU.ActiveCfg = Debug|Any CPU
		{BA0C1C55-2515-4234-A571-93CDACA4E145}.Debug|Any CPU.Build.0 = Debug|Any CPU
		{BA0C1C55-2515-4234-A571-93CDACA4E145}.Release|Any CPU.ActiveCfg = Release|Any CPU
		{BA0C1C55-2515-4234-A571-93CDACA4E145}.Release|Any CPU.Build.0 = Release|Any CPU
	EndGlobalSection
	GlobalSection(SolutionProperties) = preSolution
		HideSolutionNode = FALSE
	EndGlobalSection
	GlobalSection(ExtensibilityGlobals) = postSolution
		SolutionGuid = {42F0A951-8728-498A-BE03-E0E29387C0E9}
	EndGlobalSection
EndGlobal
